// !$*UTF8*$!
{
	archiveVersion = 1;
	classes = {
	};
	objectVersion = 50;
	objects = {

/* Begin PBXBuildFile section */
		578F7A7224BE3AF100363640 /* AppDelegate.swift in Sources */ = {isa = PBXBuildFile; fileRef = 578F7A7124BE3AF100363640 /* AppDelegate.swift */; };
		578F7A7424BE3AF100363640 /* SceneDelegate.swift in Sources */ = {isa = PBXBuildFile; fileRef = 578F7A7324BE3AF100363640 /* SceneDelegate.swift */; };
		578F7A7624BE3AF100363640 /* ContentView.swift in Sources */ = {isa = PBXBuildFile; fileRef = 578F7A7524BE3AF100363640 /* ContentView.swift */; };
		578F7A7824BE3AF400363640 /* Assets.xcassets in Resources */ = {isa = PBXBuildFile; fileRef = 578F7A7724BE3AF400363640 /* Assets.xcassets */; };
		578F7A7B24BE3AF400363640 /* Preview Assets.xcassets in Resources */ = {isa = PBXBuildFile; fileRef = 578F7A7A24BE3AF400363640 /* Preview Assets.xcassets */; };
		578F7A7E24BE3AF400363640 /* LaunchScreen.storyboard in Resources */ = {isa = PBXBuildFile; fileRef = 578F7A7C24BE3AF400363640 /* LaunchScreen.storyboard */; };
		578F7A8B24BE422400363640 /* WebService.swift in Sources */ = {isa = PBXBuildFile; fileRef = 578F7A8A24BE422400363640 /* WebService.swift */; };
		578F7A8E24BE424800363640 /* Post.swift in Sources */ = {isa = PBXBuildFile; fileRef = 578F7A8D24BE424800363640 /* Post.swift */; };
		578F7A9124BE510D00363640 /* PostListViewModel.swift in Sources */ = {isa = PBXBuildFile; fileRef = 578F7A9024BE510D00363640 /* PostListViewModel.swift */; };
/* End PBXBuildFile section */

/* Begin PBXFileReference section */
		578F7A6E24BE3AF100363640 /* SwiftUIWithJsonData.app */ = {isa = PBXFileReference; explicitFileType = wrapper.application; includeInIndex = 0; path = SwiftUIWithJsonData.app; sourceTree = BUILT_PRODUCTS_DIR; };
		578F7A7124BE3AF100363640 /* AppDelegate.swift */ = {isa = PBXFileReference; lastKnownFileType = sourcecode.swift; path = AppDelegate.swift; sourceTree = "<group>"; };
		578F7A7324BE3AF100363640 /* SceneDelegate.swift */ = {isa = PBXFileReference; lastKnownFileType = sourcecode.swift; path = SceneDelegate.swift; sourceTree = "<group>"; };
		578F7A7524BE3AF100363640 /* ContentView.swift */ = {isa = PBXFileReference; lastKnownFileType = sourcecode.swift; path = ContentView.swift; sourceTree = "<group>"; };
		578F7A7724BE3AF400363640 /* Assets.xcassets */ = {isa = PBXFileReference; lastKnownFileType = folder.assetcatalog; path = Assets.xcassets; sourceTree = "<group>"; };
		578F7A7A24BE3AF400363640 /* Preview Assets.xcassets */ = {isa = PBXFileReference; lastKnownFileType = folder.assetcatalog; path = "Preview Assets.xcassets"; sourceTree = "<group>"; };
		578F7A7D24BE3AF400363640 /* Base */ = {isa = PBXFileReference; lastKnownFileType = file.storyboard; name = Base; path = Base.lproj/LaunchScreen.storyboard; sourceTree = "<group>"; };
		578F7A7F24BE3AF400363640 /* Info.plist */ = {isa = PBXFileReference; lastKnownFileType = text.plist.xml; path = Info.plist; sourceTree = "<group>"; };
		578F7A8A24BE422400363640 /* WebService.swift */ = {isa = PBXFileReference; lastKnownFileType = sourcecode.swift; path = WebService.swift; sourceTree = "<group>"; };
		578F7A8D24BE424800363640 /* Post.swift */ = {isa = PBXFileReference; lastKnownFileType = sourcecode.swift; path = Post.swift; sourceTree = "<group>"; };
		578F7A9024BE510D00363640 /* PostListViewModel.swift */ = {isa = PBXFileReference; lastKnownFileType = sourcecode.swift; path = PostListViewModel.swift; sourceTree = "<group>"; };
/* End PBXFileReference section */

/* Begin PBXFrameworksBuildPhase section */
		578F7A6B24BE3AF000363640 /* Frameworks */ = {
			isa = PBXFrameworksBuildPhase;
			buildActionMask = 2147483647;
			files = (
			);
			runOnlyForDeploymentPostprocessing = 0;
		};
/* End PBXFrameworksBuildPhase section */

/* Begin PBXGroup section */
		578F7A6524BE3AF000363640 = {
			isa = PBXGroup;
			children = (
				578F7A7024BE3AF100363640 /* SwiftUIWithJsonData */,
				578F7A6F24BE3AF100363640 /* Products */,
			);
			sourceTree = "<group>";
		};
		578F7A6F24BE3AF100363640 /* Products */ = {
			isa = PBXGroup;
			children = (
				578F7A6E24BE3AF100363640 /* SwiftUIWithJsonData.app */,
			);
			name = Products;
			sourceTree = "<group>";
		};
		578F7A7024BE3AF100363640 /* SwiftUIWithJsonData */ = {
			isa = PBXGroup;
			children = (
				578F7A8F24BE50EE00363640 /* ViewModel */,
				578F7A8C24BE422900363640 /* Model */,
				578F7A8924BE41ED00363640 /* Web Services */,
				578F7A7124BE3AF100363640 /* AppDelegate.swift */,
				578F7A7324BE3AF100363640 /* SceneDelegate.swift */,
				578F7A7524BE3AF100363640 /* ContentView.swift */,
				578F7A7724BE3AF400363640 /* Assets.xcassets */,
				578F7A7C24BE3AF400363640 /* LaunchScreen.storyboard */,
				578F7A7F24BE3AF400363640 /* Info.plist */,
				578F7A7924BE3AF400363640 /* Preview Content */,
			);
			path = SwiftUIWithJsonData;
			sourceTree = "<group>";
		};
		578F7A7924BE3AF400363640 /* Preview Content */ = {
			isa = PBXGroup;
			children = (
				578F7A7A24BE3AF400363640 /* Preview Assets.xcassets */,
			);
			path = "Preview Content";
			sourceTree = "<group>";
		};
		578F7A8924BE41ED00363640 /* Web Services */ = {
			isa = PBXGroup;
			children = (
				578F7A8A24BE422400363640 /* WebService.swift */,
			);
			path = "Web Services";
			sourceTree = "<group>";
		};
		578F7A8C24BE422900363640 /* Model */ = {
			isa = PBXGroup;
			children = (
				578F7A8D24BE424800363640 /* Post.swift */,
			);
			path = Model;
			sourceTree = "<group>";
		};
		578F7A8F24BE50EE00363640 /* ViewModel */ = {
			isa = PBXGroup;
			children = (
				578F7A9024BE510D00363640 /* PostListViewModel.swift */,
			);
			path = ViewModel;
			sourceTree = "<group>";
		};
/* End PBXGroup section */

/* Begin PBXNativeTarget section */
		578F7A6D24BE3AF000363640 /* SwiftUIWithJsonData */ = {
			isa = PBXNativeTarget;
			buildConfigurationList = 578F7A8224BE3AF400363640 /* Build configuration list for PBXNativeTarget "SwiftUIWithJsonData" */;
			buildPhases = (
				578F7A6A24BE3AF000363640 /* Sources */,
				578F7A6B24BE3AF000363640 /* Frameworks */,
				578F7A6C24BE3AF000363640 /* Resources */,
			);
			buildRules = (
			);
			dependencies = (
			);
			name = SwiftUIWithJsonData;
			productName = SwiftUIWithJsonData;
			productReference = 578F7A6E24BE3AF100363640 /* SwiftUIWithJsonData.app */;
			productType = "com.apple.product-type.application";
		};
/* End PBXNativeTarget section */

/* Begin PBXProject section */
		578F7A6624BE3AF000363640 /* Project object */ = {
			isa = PBXProject;
			attributes = {
				LastSwiftUpdateCheck = 1150;
				LastUpgradeCheck = 1150;
				ORGANIZATIONNAME = "Mohan Chandrasekar ";
				TargetAttributes = {
					578F7A6D24BE3AF000363640 = {
						CreatedOnToolsVersion = 11.5;
					};
				};
			};
			buildConfigurationList = 578F7A6924BE3AF000363640 /* Build configuration list for PBXProject "SwiftUIWithJsonData" */;
			compatibilityVersion = "Xcode 9.3";
			developmentRegion = en;
			hasScannedForEncodings = 0;
			knownRegions = (
				en,
				Base,
			);
			mainGroup = 578F7A6524BE3AF000363640;
			productRefGroup = 578F7A6F24BE3AF100363640 /* Products */;
			projectDirPath = "";
			projectRoot = "";
			targets = (
				578F7A6D24BE3AF000363640 /* SwiftUIWithJsonData */,
			);
		};
/* End PBXProject section */

/* Begin PBXResourcesBuildPhase section */
		578F7A6C24BE3AF000363640 /* Resources */ = {
			isa = PBXResourcesBuildPhase;
			buildActionMask = 2147483647;
			files = (
				578F7A7E24BE3AF400363640 /* LaunchScreen.storyboard in Resources */,
				578F7A7B24BE3AF400363640 /* Preview Assets.xcassets in Resources */,
				578F7A7824BE3AF400363640 /* Assets.xcassets in Resources */,
			);
			runOnlyForDeploymentPostprocessing = 0;
		};
/* End PBXResourcesBuildPhase section */

/* Begin PBXSourcesBuildPhase section */
		578F7A6A24BE3AF000363640 /* Sources */ = {
			isa = PBXSourcesBuildPhase;
			buildActionMask = 2147483647;
			files = (
				578F7A7224BE3AF100363640 /* AppDelegate.swift in Sources */,
				578F7A7424BE3AF100363640 /* SceneDelegate.swift in Sources */,
				578F7A9124BE510D00363640 /* PostListViewModel.swift in Sources */,
				578F7A8B24BE422400363640 /* WebService.swift in Sources */,
				578F7A7624BE3AF100363640 /* ContentView.swift in Sources */,
				578F7A8E24BE424800363640 /* Post.swift in Sources */,
			);
			runOnlyForDeploymentPostprocessing = 0;
		};
/* End PBXSourcesBuildPhase section */

/* Begin PBXVariantGroup section */
		578F7A7C24BE3AF400363640 /* LaunchScreen.storyboard */ = {
			isa = PBXVariantGroup;
			children = (
				578F7A7D24BE3AF400363640 /* Base */,
			);
			name = LaunchScreen.storyboard;
			sourceTree = "<group>";
		};
/* End PBXVariantGroup section */

/* Begin XCBuildConfiguration section */
		578F7A8024BE3AF400363640 /* Debug */ = {
			isa = XCBuildConfiguration;
			buildSettings = {
				ALWAYS_SEARCH_USER_PATHS = NO;
				CLANG_ANALYZER_NONNULL = YES;
				CLANG_ANALYZER_NUMBER_OBJECT_CONVERSION = YES_AGGRESSIVE;
				CLANG_CXX_LANGUAGE_STANDARD = "gnu++14";
				CLANG_CXX_LIBRARY = "libc++";
				CLANG_ENABLE_MODULES = YES;
				CLANG_ENABLE_OBJC_ARC = YES;
				CLANG_ENABLE_OBJC_WEAK = YES;
				CLANG_WARN_BLOCK_CAPTURE_AUTORELEASING = YES;
				CLANG_WARN_BOOL_CONVERSION = YES;
				CLANG_WARN_COMMA = YES;
				CLANG_WARN_CONSTANT_CONVERSION = YES;
				CLANG_WARN_DEPRECATED_OBJC_IMPLEMENTATIONS = YES;
				CLANG_WARN_DIRECT_OBJC_ISA_USAGE = YES_ERROR;
				CLANG_WARN_DOCUMENTATION_COMMENTS = YES;
				CLANG_WARN_EMPTY_BODY = YES;
				CLANG_WARN_ENUM_CONVERSION = YES;
				CLANG_WARN_INFINITE_RECURSION = YES;
				CLANG_WARN_INT_CONVERSION = YES;
				CLANG_WARN_NON_LITERAL_NULL_CONVERSION = YES;
				CLANG_WARN_OBJC_IMPLICIT_RETAIN_SELF = YES;
				CLANG_WARN_OBJC_LITERAL_CONVERSION = YES;
				CLANG_WARN_OBJC_ROOT_CLASS = YES_ERROR;
				CLANG_WARN_RANGE_LOOP_ANALYSIS = YES;
				CLANG_WARN_STRICT_PROTOTYPES = YES;
				CLANG_WARN_SUSPICIOUS_MOVE = YES;
				CLANG_WARN_UNGUARDED_AVAILABILITY = YES_AGGRESSIVE;
				CLANG_WARN_UNREACHABLE_CODE = YES;
				CLANG_WARN__DUPLICATE_METHOD_MATCH = YES;
				COPY_PHASE_STRIP = NO;
				DEBUG_INFORMATION_FORMAT = dwarf;
				ENABLE_STRICT_OBJC_MSGSEND = YES;
				ENABLE_TESTABILITY = YES;
				GCC_C_LANGUAGE_STANDARD = gnu11;
				GCC_DYNAMIC_NO_PIC = NO;
				GCC_NO_COMMON_BLOCKS = YES;
				GCC_OPTIMIZATION_LEVEL = 0;
				GCC_PREPROCESSOR_DEFINITIONS = (
					"DEBUG=1",
					"$(inherited)",
				);
				GCC_WARN_64_TO_32_BIT_CONVERSION = YES;
				GCC_WARN_ABOUT_RETURN_TYPE = YES_ERROR;
				GCC_WARN_UNDECLARED_SELECTOR = YES;
				GCC_WARN_UNINITIALIZED_AUTOS = YES_AGGRESSIVE;
				GCC_WARN_UNUSED_FUNCTION = YES;
				GCC_WARN_UNUSED_VARIABLE = YES;
				IPHONEOS_DEPLOYMENT_TARGET = 13.5;
				MTL_ENABLE_DEBUG_INFO = INCLUDE_SOURCE;
				MTL_FAST_MATH = YES;
				ONLY_ACTIVE_ARCH = YES;
				SDKROOT = iphoneos;
				SWIFT_ACTIVE_COMPILATION_CONDITIONS = DEBUG;
				SWIFT_OPTIMIZATION_LEVEL = "-Onone";
			};
			name = Debug;
		};
		578F7A8124BE3AF400363640 /* Release */ = {
			isa = XCBuildConfiguration;
			buildSettings = {
				ALWAYS_SEARCH_USER_PATHS = NO;
				CLANG_ANALYZER_NONNULL = YES;
				CLANG_ANALYZER_NUMBER_OBJECT_CONVERSION = YES_AGGRESSIVE;
				CLANG_CXX_LANGUAGE_STANDARD = "gnu++14";
				CLANG_CXX_LIBRARY = "libc++";
				CLANG_ENABLE_MODULES = YES;
				CLANG_ENABLE_OBJC_ARC = YES;
				CLANG_ENABLE_OBJC_WEAK = YES;
				CLANG_WARN_BLOCK_CAPTURE_AUTORELEASING = YES;
				CLANG_WARN_BOOL_CONVERSION = YES;
				CLANG_WARN_COMMA = YES;
				CLANG_WARN_CONSTANT_CONVERSION = YES;
				CLANG_WARN_DEPRECATED_OBJC_IMPLEMENTATIONS = YES;
				CLANG_WARN_DIRECT_OBJC_ISA_USAGE = YES_ERROR;
				CLANG_WARN_DOCUMENTATION_COMMENTS = YES;
				CLANG_WARN_EMPTY_BODY = YES;
				CLANG_WARN_ENUM_CONVERSION = YES;
				CLANG_WARN_INFINITE_RECURSION = YES;
				CLANG_WARN_INT_CONVERSION = YES;
				CLANG_WARN_NON_LITERAL_NULL_CONVERSION = YES;
				CLANG_WARN_OBJC_IMPLICIT_RETAIN_SELF = YES;
				CLANG_WARN_OBJC_LITERAL_CONVERSION = YES;
				CLANG_WARN_OBJC_ROOT_CLASS = YES_ERROR;
				CLANG_WARN_RANGE_LOOP_ANALYSIS = YES;
				CLANG_WARN_STRICT_PROTOTYPES = YES;
				CLANG_WARN_SUSPICIOUS_MOVE = YES;
				CLANG_WARN_UNGUARDED_AVAILABILITY = YES_AGGRESSIVE;
				CLANG_WARN_UNREACHABLE_CODE = YES;
				CLANG_WARN__DUPLICATE_METHOD_MATCH = YES;
				COPY_PHASE_STRIP = NO;
				DEBUG_INFORMATION_FORMAT = "dwarf-with-dsym";
				ENABLE_NS_ASSERTIONS = NO;
				ENABLE_STRICT_OBJC_MSGSEND = YES;
				GCC_C_LANGUAGE_STANDARD = gnu11;
				GCC_NO_COMMON_BLOCKS = YES;
				GCC_WARN_64_TO_32_BIT_CONVERSION = YES;
				GCC_WARN_ABOUT_RETURN_TYPE = YES_ERROR;
				GCC_WARN_UNDECLARED_SELECTOR = YES;
				GCC_WARN_UNINITIALIZED_AUTOS = YES_AGGRESSIVE;
				GCC_WARN_UNUSED_FUNCTION = YES;
				GCC_WARN_UNUSED_VARIABLE = YES;
				IPHONEOS_DEPLOYMENT_TARGET = 13.5;
				MTL_ENABLE_DEBUG_INFO = NO;
				MTL_FAST_MATH = YES;
				SDKROOT = iphoneos;
				SWIFT_COMPILATION_MODE = wholemodule;
				SWIFT_OPTIMIZATION_LEVEL = "-O";
				VALIDATE_PRODUCT = YES;
			};
			name = Release;
		};
		578F7A8324BE3AF400363640 /* Debug */ = {
			isa = XCBuildConfiguration;
			buildSettings = {
				ASSETCATALOG_COMPILER_APPICON_NAME = AppIcon;
				CODE_SIGN_STYLE = Automatic;
				DEVELOPMENT_ASSET_PATHS = "\"SwiftUIWithJsonData/Preview Content\"";
				DEVELOPMENT_TEAM = JV87YF3HCH;
				ENABLE_PREVIEWS = YES;
				INFOPLIST_FILE = SwiftUIWithJsonData/Info.plist;
				LD_RUNPATH_SEARCH_PATHS = (
					"$(inherited)",
					"@executable_path/Frameworks",
				);
				PRODUCT_BUNDLE_IDENTIFIER = com.mohan.SwiftUIWithJsonData;
				PRODUCT_NAME = "$(TARGET_NAME)";
				SWIFT_VERSION = 5.0;
				TARGETED_DEVICE_FAMILY = "1,2";
			};
			name = Debug;
		};
		578F7A8424BE3AF400363640 /* Release */ = {
			isa = XCBuildConfiguration;
			buildSettings = {
				ASSETCATALOG_COMPILER_APPICON_NAME = AppIcon;
				CODE_SIGN_STYLE = Automatic;
				DEVELOPMENT_ASSET_PATHS = "\"SwiftUIWithJsonData/Preview Content\"";
				DEVELOPMENT_TEAM = JV87YF3HCH;
				ENABLE_PREVIEWS = YES;
				INFOPLIST_FILE = SwiftUIWithJsonData/Info.plist;
				LD_RUNPATH_SEARCH_PATHS = (
					"$(inherited)",
					"@executable_path/Frameworks",
				);
				PRODUCT_BUNDLE_IDENTIFIER = com.mohan.SwiftUIWithJsonData;
				PRODUCT_NAME = "$(TARGET_NAME)";
				SWIFT_VERSION = 5.0;
				TARGETED_DEVICE_FAMILY = "1,2";
			};
			name = Release;
		};
/* End XCBuildConfiguration section */

/* Begin XCConfigurationList section */
		578F7A6924BE3AF000363640 /* Build configuration list for PBXProject "SwiftUIWithJsonData" */ = {
			isa = XCConfigurationList;
			buildConfigurations = (
				578F7A8024BE3AF400363640 /* Debug */,
				578F7A8124BE3AF400363640 /* Release */,
			);
			defaultConfigurationIsVisible = 0;
			defaultConfigurationName = Release;
		};
		578F7A8224BE3AF400363640 /* Build configuration list for PBXNativeTarget "SwiftUIWithJsonData" */ = {
			isa = XCConfigurationList;
			buildConfigurations = (
				578F7A8324BE3AF400363640 /* Debug */,
				578F7A8424BE3AF400363640 /* Release */,
			);
			defaultConfigurationIsVisible = 0;
			defaultConfigurationName = Release;
		};
/* End XCConfigurationList section */
	};
	rootObject = 578F7A6624BE3AF000363640 /* Project object */;
}
